
Microsoft Visual Studio Solution File, Format Version 12.00
# Visual Studio Version 17
VisualStudioVersion = 17.5.33627.172
MinimumVisualStudioVersion = 10.0.40219.1
Project("{FAE04EC0-301F-11D3-BF4B-00C04F79EFBC}") = "KasirMinimarket", "KasirMinimarket\KasirMinimarket.csproj", "{856C95A2-41C5-4089-9EE9-D7D0491E895B}"
EndProject
Global
	GlobalSection(SolutionConfigurationPlatforms) = preSolution
		Debug|Any CPU = Debug|Any CPU
		Release|Any CPU = Release|Any CPU
	EndGlobalSection
	GlobalSection(ProjectConfigurationPlatforms) = postSolution
		{856C95A2-41C5-4089-9EE9-D7D0491E895B}.Debug|Any CPU.ActiveCfg = Debug|Any CPU
		{856C95A2-41C5-4089-9EE9-D7D0491E895B}.Debug|Any CPU.Build.0 = Debug|Any CPU
		{856C95A2-41C5-4089-9EE9-D7D0491E895B}.Release|Any CPU.ActiveCfg = Release|Any CPU
		{856C95A2-41C5-4089-9EE9-D7D0491E895B}.Release|Any CPU.Build.0 = Release|Any CPU
	EndGlobalSection
	GlobalSection(SolutionProperties) = preSolution
		HideSolutionNode = FALSE
	EndGlobalSection
	GlobalSection(ExtensibilityGlobals) = postSolution
		SolutionGuid = {BCDD528E-9DF4-4FCA-AE9B-2E689D06D068}
	EndGlobalSection
EndGlobal
